{
  "name": "@angular-package/callback",
  "version": "3.0.0",
  "lockfileVersion": 1,
  "requires": true,
  "dependencies": {
    "@angular-package/type": {
      "version": "5.0.0-rc.0",
      "resolved": "https://registry.npmjs.org/@angular-package/type/-/type-5.0.0-rc.0.tgz",
      "integrity": "sha512-NR3ODKJTmmdEqCz7fn6YDO68p9DK/SNWGvCV8pUqQUSFHlbrc0RDaqqF0liIi1iJcRZhbF2UnhWIIOp/iamtsg==",
      "requires": {
        "tslib": "^2.3.0"
      }
    },
    "tslib": {
      "version": "2.3.1",
      "resolved": "https://registry.npmjs.org/tslib/-/tslib-2.3.1.tgz",
      "integrity": "sha512-77EbyPPpMz+FRFRuAFlWMtmgUWGe9UOG2Z25NqCwiIjRhOf5iKGuzSe5P2w1laq+FkRy4p+PCuVkJSGkzTEKVw=="
    }
  }
}
