{
  "name": "@angular-package/range",
  "version": "1.0.0-rc.0",
  "lockfileVersion": 2,
  "requires": true,
  "packages": {
    "": {
      "name": "@angular-package/range",
      "version": "1.0.0-rc.0",
      "license": "MIT",
      "dependencies": {
        "tslib": "^2.3.1"
      },
      "devDependencies": {
        "@angular-package/testing": "^2.0.0-rc",
        "@angular-package/type": "^5.0.0-rc.0"
      }
    },
    "node_modules/@angular-package/testing": {
      "version": "2.0.0-rc",
      "resolved": "https://registry.npmjs.org/@angular-package/testing/-/testing-2.0.0-rc.tgz",
      "integrity": "sha512-DjlOD0gnLlqT8b4Qqr5FlPJWnl1NsO0823fH9B+e+rDxoJZa6Ys2cGg8716ZRBrSVWdBeuVxrjDhMJpYX5GVDw==",
      "dev": true,
      "dependencies": {
        "tslib": "^2.3.0"
      },
      "peerDependencies": {
        "@angular-package/type": "^5.0.0-rc.0",
        "jasmine": "^3.9.0"
      }
    },
    "node_modules/@angular-package/testing/node_modules/tslib": {
      "version": "2.3.1",
      "resolved": "https://registry.npmjs.org/tslib/-/tslib-2.3.1.tgz",
      "integrity": "sha512-77EbyPPpMz+FRFRuAFlWMtmgUWGe9UOG2Z25NqCwiIjRhOf5iKGuzSe5P2w1laq+FkRy4p+PCuVkJSGkzTEKVw==",
      "dev": true
    },
    "node_modules/@angular-package/type": {
      "version": "5.0.0-rc.0",
      "resolved": "https://registry.npmjs.org/@angular-package/type/-/type-5.0.0-rc.0.tgz",
      "integrity": "sha512-NR3ODKJTmmdEqCz7fn6YDO68p9DK/SNWGvCV8pUqQUSFHlbrc0RDaqqF0liIi1iJcRZhbF2UnhWIIOp/iamtsg==",
      "dev": true,
      "dependencies": {
        "tslib": "^2.3.0"
      }
    },
    "node_modules/@angular-package/type/node_modules/tslib": {
      "version": "2.3.1",
      "resolved": "https://registry.npmjs.org/tslib/-/tslib-2.3.1.tgz",
      "integrity": "sha512-77EbyPPpMz+FRFRuAFlWMtmgUWGe9UOG2Z25NqCwiIjRhOf5iKGuzSe5P2w1laq+FkRy4p+PCuVkJSGkzTEKVw==",
      "dev": true
    },
    "node_modules/tslib": {
      "version": "2.3.1",
      "resolved": "https://registry.npmjs.org/tslib/-/tslib-2.3.1.tgz",
      "integrity": "sha512-77EbyPPpMz+FRFRuAFlWMtmgUWGe9UOG2Z25NqCwiIjRhOf5iKGuzSe5P2w1laq+FkRy4p+PCuVkJSGkzTEKVw=="
    }
  },
  "dependencies": {
    "@angular-package/testing": {
      "version": "2.0.0-rc",
      "resolved": "https://registry.npmjs.org/@angular-package/testing/-/testing-2.0.0-rc.tgz",
      "integrity": "sha512-DjlOD0gnLlqT8b4Qqr5FlPJWnl1NsO0823fH9B+e+rDxoJZa6Ys2cGg8716ZRBrSVWdBeuVxrjDhMJpYX5GVDw==",
      "dev": true,
      "requires": {
        "tslib": "^2.3.0"
      },
      "dependencies": {
        "tslib": {
          "version": "2.3.1",
          "resolved": "https://registry.npmjs.org/tslib/-/tslib-2.3.1.tgz",
          "integrity": "sha512-77EbyPPpMz+FRFRuAFlWMtmgUWGe9UOG2Z25NqCwiIjRhOf5iKGuzSe5P2w1laq+FkRy4p+PCuVkJSGkzTEKVw==",
          "dev": true
        }
      }
    },
    "@angular-package/type": {
      "version": "5.0.0-rc.0",
      "resolved": "https://registry.npmjs.org/@angular-package/type/-/type-5.0.0-rc.0.tgz",
      "integrity": "sha512-NR3ODKJTmmdEqCz7fn6YDO68p9DK/SNWGvCV8pUqQUSFHlbrc0RDaqqF0liIi1iJcRZhbF2UnhWIIOp/iamtsg==",
      "dev": true,
      "requires": {
        "tslib": "^2.3.0"
      },
      "dependencies": {
        "tslib": {
          "version": "2.3.1",
          "resolved": "https://registry.npmjs.org/tslib/-/tslib-2.3.1.tgz",
          "integrity": "sha512-77EbyPPpMz+FRFRuAFlWMtmgUWGe9UOG2Z25NqCwiIjRhOf5iKGuzSe5P2w1laq+FkRy4p+PCuVkJSGkzTEKVw==",
          "dev": true
        }
      }
    },
    "tslib": {
      "version": "2.3.1",
      "resolved": "https://registry.npmjs.org/tslib/-/tslib-2.3.1.tgz",
      "integrity": "sha512-77EbyPPpMz+FRFRuAFlWMtmgUWGe9UOG2Z25NqCwiIjRhOf5iKGuzSe5P2w1laq+FkRy4p+PCuVkJSGkzTEKVw=="
    }
  }
}
