{
  "name": "@angular-package/component-loader",
  "version": "1.0.1-alpha.0",
  "lockfileVersion": 1,
  "requires": true,
  "dependencies": {
    "@angular-package/testing": {
      "version": "2.0.0-rc",
      "resolved": "https://registry.npmjs.org/@angular-package/testing/-/testing-2.0.0-rc.tgz",
      "integrity": "sha512-DjlOD0gnLlqT8b4Qqr5FlPJWnl1NsO0823fH9B+e+rDxoJZa6Ys2cGg8716ZRBrSVWdBeuVxrjDhMJpYX5GVDw==",
      "dev": true,
      "requires": {
        "tslib": "^2.3.0"
      }
    },
    "@angular-package/type": {
      "version": "5.0.0-rc.0",
      "resolved": "https://registry.npmjs.org/@angular-package/type/-/type-5.0.0-rc.0.tgz",
      "integrity": "sha512-NR3ODKJTmmdEqCz7fn6YDO68p9DK/SNWGvCV8pUqQUSFHlbrc0RDaqqF0liIi1iJcRZhbF2UnhWIIOp/iamtsg==",
      "dev": true,
      "requires": {
        "tslib": "^2.3.0"
      }
    },
    "@angular/common": {
      "version": "13.2.3",
      "resolved": "https://registry.npmjs.org/@angular/common/-/common-13.2.3.tgz",
      "integrity": "sha512-aK42bLd8VIVsUPcIaPw+dwD3c1d7rigTUMbNQ7zqyEQMCajLPakpzM9QEnywdzWSJTJFUbp3h39jD7ZzQPuTTQ==",
      "requires": {
        "tslib": "^2.3.0"
      },
      "dependencies": {
        "tslib": {
          "version": "2.3.1",
          "resolved": "https://registry.npmjs.org/tslib/-/tslib-2.3.1.tgz",
          "integrity": "sha512-77EbyPPpMz+FRFRuAFlWMtmgUWGe9UOG2Z25NqCwiIjRhOf5iKGuzSe5P2w1laq+FkRy4p+PCuVkJSGkzTEKVw=="
        }
      }
    },
    "@angular/core": {
      "version": "13.2.3",
      "resolved": "https://registry.npmjs.org/@angular/core/-/core-13.2.3.tgz",
      "integrity": "sha512-81QtWR+UQgCo5xJwExzKaRUd9aXJoOGbWfh3MZSUkiv+PTMXwmfU3lZxpz9S/y2uwvaVqZdW5MN/RzpKv6tHxA==",
      "requires": {
        "tslib": "^2.3.0"
      },
      "dependencies": {
        "tslib": {
          "version": "2.3.1",
          "resolved": "https://registry.npmjs.org/tslib/-/tslib-2.3.1.tgz",
          "integrity": "sha512-77EbyPPpMz+FRFRuAFlWMtmgUWGe9UOG2Z25NqCwiIjRhOf5iKGuzSe5P2w1laq+FkRy4p+PCuVkJSGkzTEKVw=="
        }
      }
    },
    "balanced-match": {
      "version": "1.0.2",
      "resolved": "https://registry.npmjs.org/balanced-match/-/balanced-match-1.0.2.tgz",
      "integrity": "sha512-3oSeUO0TMV67hN1AmbXsK4yaqU7tjiHlbxRDZOpH0KW9+CeX4bRAaX0Anxt0tx2MrpRpWwQaPwIlISEJhYU5Pw=="
    },
    "brace-expansion": {
      "version": "1.1.11",
      "resolved": "https://registry.npmjs.org/brace-expansion/-/brace-expansion-1.1.11.tgz",
      "integrity": "sha512-iCuPHDFgrHX7H2vEI/5xpz07zSHB00TpugqhmYtVmMO6518mCuRMoOYFldEBl0g187ufozdaHgWKcYFb61qGiA==",
      "requires": {
        "balanced-match": "^1.0.0",
        "concat-map": "0.0.1"
      }
    },
    "concat-map": {
      "version": "0.0.1",
      "resolved": "https://registry.npmjs.org/concat-map/-/concat-map-0.0.1.tgz",
      "integrity": "sha1-2Klr13/Wjfd5OnMDajug1UBdR3s="
    },
    "fs.realpath": {
      "version": "1.0.0",
      "resolved": "https://registry.npmjs.org/fs.realpath/-/fs.realpath-1.0.0.tgz",
      "integrity": "sha1-FQStJSMVjKpA20onh8sBQRmU6k8="
    },
    "glob": {
      "version": "7.2.0",
      "resolved": "https://registry.npmjs.org/glob/-/glob-7.2.0.tgz",
      "integrity": "sha512-lmLf6gtyrPq8tTjSmrO94wBeQbFR3HbLHbuyD69wuyQkImp2hWqMGB47OX65FBkPffO641IP9jWa1z4ivqG26Q==",
      "requires": {
        "fs.realpath": "^1.0.0",
        "inflight": "^1.0.4",
        "inherits": "2",
        "minimatch": "^3.0.4",
        "once": "^1.3.0",
        "path-is-absolute": "^1.0.0"
      }
    },
    "inflight": {
      "version": "1.0.6",
      "resolved": "https://registry.npmjs.org/inflight/-/inflight-1.0.6.tgz",
      "integrity": "sha1-Sb1jMdfQLQwJvJEKEHW6gWW1bfk=",
      "requires": {
        "once": "^1.3.0",
        "wrappy": "1"
      }
    },
    "inherits": {
      "version": "2.0.4",
      "resolved": "https://registry.npmjs.org/inherits/-/inherits-2.0.4.tgz",
      "integrity": "sha512-k/vGaX4/Yla3WzyMCvTQOXYeIHvqOKtnqBduzTHpzpQZzAskKMhZ2K+EnBiSM9zGSoIFeMpXKxa4dYeZIQqewQ=="
    },
    "jasmine": {
      "version": "3.9.0",
      "resolved": "https://registry.npmjs.org/jasmine/-/jasmine-3.9.0.tgz",
      "integrity": "sha512-JgtzteG7xnqZZ51fg7N2/wiQmXon09szkALcRMTgCMX4u/m17gVJFjObnvw5FXkZOWuweHPaPRVB6DI2uN0wVA==",
      "requires": {
        "glob": "^7.1.6",
        "jasmine-core": "~3.9.0"
      }
    },
    "jasmine-core": {
      "version": "3.9.0",
      "resolved": "https://registry.npmjs.org/jasmine-core/-/jasmine-core-3.9.0.tgz",
      "integrity": "sha512-Tv3kVbPCGVrjsnHBZ38NsPU3sDOtNa0XmbG2baiyJqdb5/SPpDO6GVwJYtUryl6KB4q1Ssckwg612ES9Z0dreQ=="
    },
    "minimatch": {
      "version": "3.1.2",
      "resolved": "https://registry.npmjs.org/minimatch/-/minimatch-3.1.2.tgz",
      "integrity": "sha512-J7p63hRiAjw1NDEww1W7i37+ByIrOWO5XQQAzZ3VOcL0PNybwpfmV/N05zFAzwQ9USyEcX6t3UO+K5aqBQOIHw==",
      "requires": {
        "brace-expansion": "^1.1.7"
      }
    },
    "once": {
      "version": "1.4.0",
      "resolved": "https://registry.npmjs.org/once/-/once-1.4.0.tgz",
      "integrity": "sha1-WDsap3WWHUsROsF9nFC6753Xa9E=",
      "requires": {
        "wrappy": "1"
      }
    },
    "path-is-absolute": {
      "version": "1.0.1",
      "resolved": "https://registry.npmjs.org/path-is-absolute/-/path-is-absolute-1.0.1.tgz",
      "integrity": "sha1-F0uSaHNVNP+8es5r9TpanhtcX18="
    },
    "rxjs": {
      "version": "7.4.0",
      "resolved": "https://registry.npmjs.org/rxjs/-/rxjs-7.4.0.tgz",
      "integrity": "sha512-7SQDi7xeTMCJpqViXh8gL/lebcwlp3d831F05+9B44A4B0WfsEwUQHR64gsH1kvJ+Ep/J9K2+n1hVl1CsGN23w==",
      "requires": {
        "tslib": "~2.1.0"
      },
      "dependencies": {
        "tslib": {
          "version": "2.1.0",
          "resolved": "https://registry.npmjs.org/tslib/-/tslib-2.1.0.tgz",
          "integrity": "sha512-hcVC3wYEziELGGmEEXue7D75zbwIIVUMWAVbHItGPx0ziyXxrOMQx4rQEVEV45Ut/1IotuEvwqPopzIOkDMf0A=="
        }
      }
    },
    "tslib": {
      "version": "2.3.1",
      "resolved": "https://registry.npmjs.org/tslib/-/tslib-2.3.1.tgz",
      "integrity": "sha512-77EbyPPpMz+FRFRuAFlWMtmgUWGe9UOG2Z25NqCwiIjRhOf5iKGuzSe5P2w1laq+FkRy4p+PCuVkJSGkzTEKVw=="
    },
    "wrappy": {
      "version": "1.0.2",
      "resolved": "https://registry.npmjs.org/wrappy/-/wrappy-1.0.2.tgz",
      "integrity": "sha1-tSQ9jz7BqjXxNkYFvA0QNuMKtp8="
    },
    "zone.js": {
      "version": "0.11.4",
      "resolved": "https://registry.npmjs.org/zone.js/-/zone.js-0.11.4.tgz",
      "integrity": "sha512-DDh2Ab+A/B+9mJyajPjHFPWfYU1H+pdun4wnnk0OcQTNjem1XQSZ2CDW+rfZEUDjv5M19SBqAkjZi0x5wuB5Qw==",
      "requires": {
        "tslib": "^2.0.0"
      }
    }
  }
}
